{
  "version": 4,
  "terraform_version": "0.12.9",
  "serial": 2203,
  "lineage": "b5ab96be-3510-312f-0eb5-4efb405c46a4",
  "outputs": {
    "alb_hostname": {
      "value": "erp-alb-1649786617.us-east-2.elb.amazonaws.com",
      "type": "string"
    },
    "security_group_ids": {
      "value": "sg-0519cc1c1ff516d7f,sg-0bacc9128b5b8e2ac,sg-0c72bc4eb03896161",
      "type": "string"
    },
    "subnet_id": {
      "value": "subnet-007f1574ce98e8f91",
      "type": "string"
    }
  },
  "resources": [
    {
      "mode": "data",
      "type": "aws_availability_zones",
      "name": "available",
      "provider": "provider.aws",
      "instances": [
        {
          "schema_version": 0,
          "attributes": {
            "blacklisted_names": null,
            "blacklisted_zone_ids": null,
            "id": "2019-11-18 18:36:03.066720355 +0000 UTC",
            "names": [
              "us-east-2a",
              "us-east-2b",
              "us-east-2c"
            ],
            "state": null,
            "zone_ids": [
              "use2-az1",
              "use2-az2",
              "use2-az3"
            ]
          }
        }
      ]
    },
    {
      "mode": "data",
      "type": "aws_iam_policy_document",
      "name": "ecs_task_execution_role",
      "provider": "provider.aws",
      "instances": [
        {
          "schema_version": 0,
          "attributes": {
            "id": "320642683",
            "json": "{\n  \"Version\": \"2012-10-17\",\n  \"Statement\": [\n    {\n      \"Sid\": \"\",\n      \"Effect\": \"Allow\",\n      \"Action\": \"sts:AssumeRole\",\n      \"Principal\": {\n        \"Service\": \"ecs-tasks.amazonaws.com\"\n      }\n    }\n  ]\n}",
            "override_json": null,
            "policy_id": null,
            "source_json": null,
            "statement": [
              {
                "actions": [
                  "sts:AssumeRole"
                ],
                "condition": [],
                "effect": "Allow",
                "not_actions": [],
                "not_principals": [],
                "not_resources": [],
                "principals": [
                  {
                    "identifiers": [
                      "ecs-tasks.amazonaws.com"
                    ],
                    "type": "Service"
                  }
                ],
                "resources": [],
                "sid": ""
              }
            ],
            "version": "2012-10-17"
          }
        }
      ]
    },
    {
      "mode": "data",
      "type": "aws_iam_policy_document",
      "name": "erp_assume_role_policy",
      "provider": "provider.aws",
      "instances": [
        {
          "schema_version": 0,
          "attributes": {
            "id": "320642683",
            "json": "{\n  \"Version\": \"2012-10-17\",\n  \"Statement\": [\n    {\n      \"Sid\": \"\",\n      \"Effect\": \"Allow\",\n      \"Action\": \"sts:AssumeRole\",\n      \"Principal\": {\n        \"Service\": \"ecs-tasks.amazonaws.com\"\n      }\n    }\n  ]\n}",
            "override_json": null,
            "policy_id": null,
            "source_json": null,
            "statement": [
              {
                "actions": [
                  "sts:AssumeRole"
                ],
                "condition": [],
                "effect": "Allow",
                "not_actions": [],
                "not_principals": [],
                "not_resources": [],
                "principals": [
                  {
                    "identifiers": [
                      "ecs-tasks.amazonaws.com"
                    ],
                    "type": "Service"
                  }
                ],
                "resources": [],
                "sid": ""
              }
            ],
            "version": "2012-10-17"
          }
        }
      ]
    },
    {
      "mode": "data",
      "type": "aws_iam_policy_document",
      "name": "erp_log_publishing",
      "provider": "provider.aws",
      "instances": [
        {
          "schema_version": 0,
          "attributes": {
            "id": "3340942851",
            "json": "{\n  \"Version\": \"2012-10-17\",\n  \"Statement\": [\n    {\n      \"Sid\": \"\",\n      \"Effect\": \"Allow\",\n      \"Action\": [\n        \"logs:PutLogEventsBatch\",\n        \"logs:PutLogEvents\",\n        \"logs:CreateLogStream\"\n      ],\n      \"Resource\": \"arn:aws:logs:us-east-2:*:log-group:/ecs/app:*\"\n    }\n  ]\n}",
            "override_json": null,
            "policy_id": null,
            "source_json": null,
            "statement": [
              {
                "actions": [
                  "logs:CreateLogStream",
                  "logs:PutLogEvents",
                  "logs:PutLogEventsBatch"
                ],
                "condition": [],
                "effect": "Allow",
                "not_actions": [],
                "not_principals": [],
                "not_resources": [],
                "principals": [],
                "resources": [
                  "arn:aws:logs:us-east-2:*:log-group:/ecs/app:*"
                ],
                "sid": ""
              }
            ],
            "version": "2012-10-17"
          }
        }
      ]
    },
    {
      "mode": "data",
      "type": "template_file",
      "name": "app_task",
      "provider": "provider.template",
      "instances": [
        {
          "schema_version": 0,
          "attributes": {
            "filename": null,
            "id": "d2cf234b3ccfd5ed145486bd736b64b750be3537615e758e72593474a3f42efa",
            "rendered": "[\n  {\n    \"name\": \"app\",\n    \"image\": \"767167112715.dkr.ecr.us-east-2.amazonaws.com/erp_advance/production:latest\",\n    \"cpu\": 512,\n    \"memory\": 1024,\n    \"networkMode\": \"awsvpc\",    \n    \"memoryReservation\": 512,\n    \"logConfiguration\": {\n        \"logDriver\": \"awslogs\",\n        \"options\": {\n          \"awslogs-group\": \"/ecs/app\",\n          \"awslogs-region\": \"us-east-2\",\n          \"awslogs-stream-prefix\": \"erp\"\n        }\n    },\n    \"portMappings\": [\n      {\n        \"containerPort\": 5000,\n        \"hostPort\": 5000\n      }\n    ],\n    \"entryPoint\": [\n      \"python\", \"main.py\"\n    ],\n    \"environment\": [\n      {\n        \"name\": \"APP_SETTINGS\",\n        \"value\": \"development\"\n      },\n      {\n        \"name\": \"POSTGRES_URL\",\n        \"value\": \"postgresql://postgres:postgres@development-database.cak4bcwsnao4.us-east-2.rds.amazonaws.com:5432/ERP_Advance\"\n      },\n      {\n        \"name\": \"POSTGRES_PORT\",\n        \"value\": \"5432\"\n      },\n      {\n        \"name\": \"POSTGRES_USER\",\n        \"value\": \"postgres\"\n      },\n      {\n        \"name\": \"POSTGRES_PASSWORD\",\n        \"value\": \"postgres\"\n      },\n      {\n        \"name\": \"POSTGRES_DB\",\n        \"value\": \"ERP_Advance\"\n      },\n      {\n        \"name\": \"JWT_SECRET_KEY\",\n        \"value\": \"3mFe0XGwXe\"\n      },\n      {\n        \"name\": \"JWT_TIME_TOKEN\",\n        \"value\": \"7200\"\n      },\n      {\n        \"name\": \"MAIL_SERVER\",\n        \"value\": \"smtp.mailtrap.io\"\n      },\n      {\n        \"name\": \"MAIL_PORT\",\n        \"value\": \"2525\"\n      },\n      {\n        \"name\": \"MAIL_USERNAME\",\n        \"value\": \"81f3d193f78b4b\"\n      },\n      {\n        \"name\": \"MAIL_PASSWORD\",\n        \"value\": \"98fa9c9f5ae977\"\n      },\n      {\n        \"name\": \"MAIL_USE_TLS\",\n        \"value\": \"True\"\n      },\n      {\n        \"name\": \"MAIL_USE_SSL\",\n        \"value\": \"False\"\n      },\n      {\n        \"name\": \"SEED_TEST\",\n        \"value\": \"False\"\n      }\n    ]\n  }\n]\n",
            "template": "[\n  {\n    \"name\": \"${app_name}\",\n    \"image\": \"${app_image}\",\n    \"cpu\": ${fargate_cpu},\n    \"memory\": ${fargate_memory},\n    \"networkMode\": \"awsvpc\",    \n    \"memoryReservation\": 512,\n    \"logConfiguration\": {\n        \"logDriver\": \"awslogs\",\n        \"options\": {\n          \"awslogs-group\": \"${log_group}\",\n          \"awslogs-region\": \"${aws_region}\",\n          \"awslogs-stream-prefix\": \"erp\"\n        }\n    },\n    \"portMappings\": [\n      {\n        \"containerPort\": ${app_port},\n        \"hostPort\": ${app_port}\n      }\n    ],\n    \"entryPoint\": [\n      \"python\", \"main.py\"\n    ],\n    \"environment\": [\n      {\n        \"name\": \"APP_SETTINGS\",\n        \"value\": \"${environment}\"\n      },\n      {\n        \"name\": \"POSTGRES_URL\",\n        \"value\": \"${database_url}\"\n      },\n      {\n        \"name\": \"POSTGRES_PORT\",\n        \"value\": \"5432\"\n      },\n      {\n        \"name\": \"POSTGRES_USER\",\n        \"value\": \"${database_username}\"\n      },\n      {\n        \"name\": \"POSTGRES_PASSWORD\",\n        \"value\": \"${database_password}\"\n      },\n      {\n        \"name\": \"POSTGRES_DB\",\n        \"value\": \"${database_name}\"\n      },\n      {\n        \"name\": \"JWT_SECRET_KEY\",\n        \"value\": \"${jwt_secret}\"\n      },\n      {\n        \"name\": \"JWT_TIME_TOKEN\",\n        \"value\": \"${jwt_time_token}\"\n      },\n      {\n        \"name\": \"MAIL_SERVER\",\n        \"value\": \"${mail_server}\"\n      },\n      {\n        \"name\": \"MAIL_PORT\",\n        \"value\": \"${mail_port}\"\n      },\n      {\n        \"name\": \"MAIL_USERNAME\",\n        \"value\": \"${mail_username}\"\n      },\n      {\n        \"name\": \"MAIL_PASSWORD\",\n        \"value\": \"${mail_password}\"\n      },\n      {\n        \"name\": \"MAIL_USE_TLS\",\n        \"value\": \"${mail_use_tls}\"\n      },\n      {\n        \"name\": \"MAIL_USE_SSL\",\n        \"value\": \"${mail_use_ssl}\"\n      },\n      {\n        \"name\": \"SEED_TEST\",\n        \"value\": \"${seed_test}\"\n      }\n    ]\n  }\n]\n",
            "vars": {
              "app_image": "767167112715.dkr.ecr.us-east-2.amazonaws.com/erp_advance/production:latest",
              "app_name": "app",
              "app_port": "5000",
              "aws_region": "us-east-2",
              "database_name": "ERP_Advance",
              "database_password": "postgres",
              "database_url": "postgresql://postgres:postgres@development-database.cak4bcwsnao4.us-east-2.rds.amazonaws.com:5432/ERP_Advance",
              "database_username": "postgres",
              "environment": "development",
              "fargate_cpu": "512",
              "fargate_memory": "1024",
              "jwt_secret": "3mFe0XGwXe",
              "jwt_time_token": "7200",
              "log_group": "/ecs/app",
              "mail_password": "98fa9c9f5ae977",
              "mail_port": "2525",
              "mail_server": "smtp.mailtrap.io",
              "mail_use_ssl": "False",
              "mail_use_tls": "True",
              "mail_username": "81f3d193f78b4b",
              "seed_test": "False"
            }
          },
          "depends_on": [
            "aws_cloudwatch_log_group.erp_log_group"
          ]
        }
      ]
    },
    {
      "mode": "data",
      "type": "template_file",
      "name": "migration_task",
      "provider": "provider.template",
      "instances": [
        {
          "schema_version": 0,
          "attributes": {
            "filename": null,
            "id": "ebe7d0ee7e2b0b3d7522a4dd2c0338a179a84b116bc48d700b96e6be967b8086",
            "rendered": "[\n  {\n    \"name\": \"migration\",\n    \"image\": \"767167112715.dkr.ecr.us-east-2.amazonaws.com/erp_advance/production:latest\",\n    \"command\": [ \"flask\", \"manage_db\", \"recreate\" ],\n    \"memory\": 512,\n    \"networkMode\": \"awsvpc\",\n    \"logConfiguration\": {\n        \"logDriver\": \"awslogs\",\n        \"options\": {\n          \"awslogs-group\": \"/ecs/app\",\n          \"awslogs-region\": \"us-east-2\",\n          \"awslogs-stream-prefix\": \"erp\"\n        }\n    },\n    \"portMappings\": [\n      {\n        \"containerPort\": 5432,\n        \"hostPort\": 5432\n      }\n    ],\n    \"environment\": [\n      {\n        \"name\": \"APP_SETTINGS\",\n        \"value\": \"development\"\n      },\n      {\n        \"name\": \"POSTGRES_URL\",\n        \"value\": \"postgresql://postgres:postgres@development-database.cak4bcwsnao4.us-east-2.rds.amazonaws.com:5432/ERP_Advance\"\n      },\n      {\n        \"name\": \"POSTGRES_PORT\",\n        \"value\": \"5432\"\n      },\n      {\n        \"name\": \"POSTGRES_USER\",\n        \"value\": \"postgres\"\n      },\n      {\n        \"name\": \"POSTGRES_PASSWORD\",\n        \"value\": \"postgres\"\n      },\n      {\n        \"name\": \"POSTGRES_DB\",\n        \"value\": \"ERP_Advance\"\n      }\n    ]\n  }\n]\n",
            "template": "[\n  {\n    \"name\": \"${app_name}\",\n    \"image\": \"${app_image}\",\n    \"command\": [ \"flask\", \"manage_db\", \"recreate\" ],\n    \"memory\": 512,\n    \"networkMode\": \"awsvpc\",\n    \"logConfiguration\": {\n        \"logDriver\": \"awslogs\",\n        \"options\": {\n          \"awslogs-group\": \"${log_group}\",\n          \"awslogs-region\": \"${aws_region}\",\n          \"awslogs-stream-prefix\": \"erp\"\n        }\n    },\n    \"portMappings\": [\n      {\n        \"containerPort\": 5432,\n        \"hostPort\": 5432\n      }\n    ],\n    \"environment\": [\n      {\n        \"name\": \"APP_SETTINGS\",\n        \"value\": \"${environment}\"\n      },\n      {\n        \"name\": \"POSTGRES_URL\",\n        \"value\": \"${database_url}\"\n      },\n      {\n        \"name\": \"POSTGRES_PORT\",\n        \"value\": \"5432\"\n      },\n      {\n        \"name\": \"POSTGRES_USER\",\n        \"value\": \"${database_username}\"\n      },\n      {\n        \"name\": \"POSTGRES_PASSWORD\",\n        \"value\": \"${database_password}\"\n      },\n      {\n        \"name\": \"POSTGRES_DB\",\n        \"value\": \"${database_name}\"\n      }\n    ]\n  }\n]\n",
            "vars": {
              "app_image": "767167112715.dkr.ecr.us-east-2.amazonaws.com/erp_advance/production:latest",
              "app_name": "migration",
              "aws_region": "us-east-2",
              "database_name": "ERP_Advance",
              "database_password": "postgres",
              "database_url": "postgresql://postgres:postgres@development-database.cak4bcwsnao4.us-east-2.rds.amazonaws.com:5432/ERP_Advance",
              "database_username": "postgres",
              "environment": "development",
              "log_group": "/ecs/app"
            }
          },
          "depends_on": [
            "aws_cloudwatch_log_group.erp_log_group"
          ]
        }
      ]
    },
    {
      "mode": "managed",
      "type": "aws_alb",
      "name": "main",
      "provider": "provider.aws",
      "instances": [
        {
          "schema_version": 0,
          "attributes": {
            "access_logs": [
              {
                "bucket": "",
                "enabled": false,
                "prefix": ""
              }
            ],
            "arn": "arn:aws:elasticloadbalancing:us-east-2:767167112715:loadbalancer/app/erp-alb/90d5a4c0c4579f89",
            "arn_suffix": "app/erp-alb/90d5a4c0c4579f89",
            "dns_name": "erp-alb-1649786617.us-east-2.elb.amazonaws.com",
            "enable_cross_zone_load_balancing": null,
            "enable_deletion_protection": false,
            "enable_http2": true,
            "id": "arn:aws:elasticloadbalancing:us-east-2:767167112715:loadbalancer/app/erp-alb/90d5a4c0c4579f89",
            "idle_timeout": 60,
            "internal": false,
            "ip_address_type": "ipv4",
            "load_balancer_type": "application",
            "name": "erp-alb",
            "name_prefix": null,
            "security_groups": [
              "sg-0519cc1c1ff516d7f"
            ],
            "subnet_mapping": [
              {
                "allocation_id": "",
                "subnet_id": "subnet-00903027c726f4b89"
              },
              {
                "allocation_id": "",
                "subnet_id": "subnet-0c7029da3d622e23e"
              }
            ],
            "subnets": [
              "subnet-00903027c726f4b89",
              "subnet-0c7029da3d622e23e"
            ],
            "tags": null,
            "timeouts": null,
            "vpc_id": "vpc-01ff05e0ea1b5894b",
            "zone_id": "Z3AADJGX6KTTL2"
          },
          "private": "eyJlMmJmYjczMC1lY2FhLTExZTYtOGY4OC0zNDM2M2JjN2M0YzAiOnsiY3JlYXRlIjo2MDAwMDAwMDAwMDAsImRlbGV0ZSI6NjAwMDAwMDAwMDAwLCJ1cGRhdGUiOjYwMDAwMDAwMDAwMH19",
          "depends_on": [
            "aws_security_group.alb",
            "aws_subnet.public"
          ]
        }
      ]
    },
    {
      "mode": "managed",
      "type": "aws_alb_listener",
      "name": "front_end",
      "provider": "provider.aws",
      "instances": [
        {
          "schema_version": 0,
          "attributes": {
            "arn": "arn:aws:elasticloadbalancing:us-east-2:767167112715:listener/app/erp-alb/90d5a4c0c4579f89/d611e1d7344f06ce",
            "certificate_arn": null,
            "default_action": [
              {
                "authenticate_cognito": [],
                "authenticate_oidc": [],
                "fixed_response": [],
                "order": 1,
                "redirect": [],
                "target_group_arn": "arn:aws:elasticloadbalancing:us-east-2:767167112715:targetgroup/app-alb/5c8f870accbfc532",
                "type": "forward"
              }
            ],
            "id": "arn:aws:elasticloadbalancing:us-east-2:767167112715:listener/app/erp-alb/90d5a4c0c4579f89/d611e1d7344f06ce",
            "load_balancer_arn": "arn:aws:elasticloadbalancing:us-east-2:767167112715:loadbalancer/app/erp-alb/90d5a4c0c4579f89",
            "port": 80,
            "protocol": "HTTP",
            "ssl_policy": "",
            "timeouts": null
          },
          "private": "eyJlMmJmYjczMC1lY2FhLTExZTYtOGY4OC0zNDM2M2JjN2M0YzAiOnsicmVhZCI6NjAwMDAwMDAwMDAwfX0=",
          "depends_on": [
            "aws_alb.main",
            "aws_alb_target_group.app_alb"
          ]
        }
      ]
    },
    {
      "mode": "managed",
      "type": "aws_alb_target_group",
      "name": "app_alb",
      "provider": "provider.aws",
      "instances": [
        {
          "schema_version": 0,
          "attributes": {
            "arn": "arn:aws:elasticloadbalancing:us-east-2:767167112715:targetgroup/app-alb/5c8f870accbfc532",
            "arn_suffix": "targetgroup/app-alb/5c8f870accbfc532",
            "deregistration_delay": 300,
            "health_check": [
              {
                "enabled": true,
                "healthy_threshold": 3,
                "interval": 30,
                "matcher": "200",
                "path": "/erp/ui",
                "port": "traffic-port",
                "protocol": "HTTP",
                "timeout": 3,
                "unhealthy_threshold": 2
              }
            ],
            "id": "arn:aws:elasticloadbalancing:us-east-2:767167112715:targetgroup/app-alb/5c8f870accbfc532",
            "lambda_multi_value_headers_enabled": false,
            "name": "app-alb",
            "name_prefix": null,
            "port": 5000,
            "protocol": "HTTP",
            "proxy_protocol_v2": false,
            "slow_start": 0,
            "stickiness": [
              {
                "cookie_duration": 86400,
                "enabled": false,
                "type": "lb_cookie"
              }
            ],
            "tags": null,
            "target_type": "ip",
            "vpc_id": "vpc-01ff05e0ea1b5894b"
          },
          "private": "bnVsbA==",
          "depends_on": [
            "aws_vpc.main"
          ]
        }
      ]
    },
    {
      "mode": "managed",
      "type": "aws_appautoscaling_policy",
      "name": "down",
      "provider": "provider.aws",
      "instances": [
        {
          "schema_version": 0,
          "attributes": {
            "adjustment_type": null,
            "alarms": null,
            "arn": "arn:aws:autoscaling:us-east-2:767167112715:scalingPolicy:f3525cee-6ed6-43c2-b460-c67fe63901e2:resource/ecs/service/app-cluster/app-service:policyName/erp_scale_down",
            "cooldown": null,
            "id": "erp_scale_down",
            "metric_aggregation_type": null,
            "min_adjustment_magnitude": null,
            "name": "erp_scale_down",
            "policy_type": "StepScaling",
            "resource_id": "service/app-cluster/app-service",
            "scalable_dimension": "ecs:service:DesiredCount",
            "service_namespace": "ecs",
            "step_adjustment": [],
            "step_scaling_policy_configuration": [
              {
                "adjustment_type": "ChangeInCapacity",
                "cooldown": 60,
                "metric_aggregation_type": "Maximum",
                "min_adjustment_magnitude": 0,
                "step_adjustment": [
                  {
                    "metric_interval_lower_bound": "0",
                    "metric_interval_upper_bound": "",
                    "scaling_adjustment": -1
                  }
                ]
              }
            ],
            "target_tracking_scaling_policy_configuration": []
          },
          "private": "bnVsbA==",
          "depends_on": [
            "aws_appautoscaling_target.target",
            "aws_ecs_cluster.app",
            "aws_ecs_service.app"
          ]
        }
      ]
    },
    {
      "mode": "managed",
      "type": "aws_appautoscaling_policy",
      "name": "up",
      "provider": "provider.aws",
      "instances": [
        {
          "schema_version": 0,
          "attributes": {
            "adjustment_type": null,
            "alarms": null,
            "arn": "arn:aws:autoscaling:us-east-2:767167112715:scalingPolicy:f3525cee-6ed6-43c2-b460-c67fe63901e2:resource/ecs/service/app-cluster/app-service:policyName/erp_scale_up",
            "cooldown": null,
            "id": "erp_scale_up",
            "metric_aggregation_type": null,
            "min_adjustment_magnitude": null,
            "name": "erp_scale_up",
            "policy_type": "StepScaling",
            "resource_id": "service/app-cluster/app-service",
            "scalable_dimension": "ecs:service:DesiredCount",
            "service_namespace": "ecs",
            "step_adjustment": [],
            "step_scaling_policy_configuration": [
              {
                "adjustment_type": "ChangeInCapacity",
                "cooldown": 60,
                "metric_aggregation_type": "Maximum",
                "min_adjustment_magnitude": 0,
                "step_adjustment": [
                  {
                    "metric_interval_lower_bound": "0",
                    "metric_interval_upper_bound": "",
                    "scaling_adjustment": 1
                  }
                ]
              }
            ],
            "target_tracking_scaling_policy_configuration": []
          },
          "private": "bnVsbA==",
          "depends_on": [
            "aws_appautoscaling_target.target",
            "aws_ecs_cluster.app",
            "aws_ecs_service.app"
          ]
        }
      ]
    },
    {
      "mode": "managed",
      "type": "aws_appautoscaling_target",
      "name": "target",
      "provider": "provider.aws",
      "instances": [
        {
          "schema_version": 0,
          "attributes": {
            "id": "service/app-cluster/app-service",
            "max_capacity": 6,
            "min_capacity": 3,
            "resource_id": "service/app-cluster/app-service",
            "role_arn": "arn:aws:iam::767167112715:role/aws-service-role/ecs.application-autoscaling.amazonaws.com/AWSServiceRoleForApplicationAutoScaling_ECSService",
            "scalable_dimension": "ecs:service:DesiredCount",
            "service_namespace": "ecs"
          },
          "private": "bnVsbA==",
          "depends_on": [
            "aws_ecs_cluster.app",
            "aws_ecs_service.app"
          ]
        }
      ]
    },
    {
      "mode": "managed",
      "type": "aws_cloudwatch_log_group",
      "name": "erp_log_group",
      "provider": "provider.aws",
      "instances": [
        {
          "schema_version": 0,
          "attributes": {
            "arn": "arn:aws:logs:us-east-2:767167112715:log-group:/ecs/app:*",
            "id": "/ecs/app",
            "kms_key_id": "",
            "name": "/ecs/app",
            "name_prefix": null,
            "retention_in_days": 30,
            "tags": {
              "Name": "erp-log-group"
            }
          },
          "private": "bnVsbA=="
        }
      ]
    },
    {
      "mode": "managed",
      "type": "aws_cloudwatch_metric_alarm",
      "name": "service_cpu_high",
      "provider": "provider.aws",
      "instances": [
        {
          "schema_version": 1,
          "attributes": {
            "actions_enabled": true,
            "alarm_actions": [
              "arn:aws:autoscaling:us-east-2:767167112715:scalingPolicy:f3525cee-6ed6-43c2-b460-c67fe63901e2:resource/ecs/service/app-cluster/app-service:policyName/erp_scale_up"
            ],
            "alarm_description": "",
            "alarm_name": "erp_cpu_utilization_high",
            "arn": "arn:aws:cloudwatch:us-east-2:767167112715:alarm:erp_cpu_utilization_high",
            "comparison_operator": "GreaterThanOrEqualToThreshold",
            "datapoints_to_alarm": 0,
            "dimensions": {
              "ClusterName": "app-cluster",
              "ServiceName": "app-service"
            },
            "evaluate_low_sample_count_percentiles": "",
            "evaluation_periods": 2,
            "extended_statistic": "",
            "id": "erp_cpu_utilization_high",
            "insufficient_data_actions": null,
            "metric_name": "CPUUtilization",
            "metric_query": [],
            "namespace": "AWS/ECS",
            "ok_actions": null,
            "period": 60,
            "statistic": "Average",
            "tags": null,
            "threshold": 85,
            "treat_missing_data": "missing",
            "unit": ""
          },
          "private": "eyJzY2hlbWFfdmVyc2lvbiI6IjEifQ==",
          "depends_on": [
            "aws_appautoscaling_policy.up",
            "aws_ecs_cluster.app",
            "aws_ecs_service.app"
          ]
        }
      ]
    },
    {
      "mode": "managed",
      "type": "aws_cloudwatch_metric_alarm",
      "name": "service_cpu_low",
      "provider": "provider.aws",
      "instances": [
        {
          "schema_version": 1,
          "attributes": {
            "actions_enabled": true,
            "alarm_actions": [
              "arn:aws:autoscaling:us-east-2:767167112715:scalingPolicy:f3525cee-6ed6-43c2-b460-c67fe63901e2:resource/ecs/service/app-cluster/app-service:policyName/erp_scale_down"
            ],
            "alarm_description": "",
            "alarm_name": "erp_cpu_utilization_low",
            "arn": "arn:aws:cloudwatch:us-east-2:767167112715:alarm:erp_cpu_utilization_low",
            "comparison_operator": "LessThanOrEqualToThreshold",
            "datapoints_to_alarm": 0,
            "dimensions": {
              "ClusterName": "app-cluster",
              "ServiceName": "app-service"
            },
            "evaluate_low_sample_count_percentiles": "",
            "evaluation_periods": 2,
            "extended_statistic": "",
            "id": "erp_cpu_utilization_low",
            "insufficient_data_actions": null,
            "metric_name": "CPUUtilization",
            "metric_query": [],
            "namespace": "AWS/ECS",
            "ok_actions": null,
            "period": 60,
            "statistic": "Average",
            "tags": null,
            "threshold": 10,
            "treat_missing_data": "missing",
            "unit": ""
          },
          "private": "eyJzY2hlbWFfdmVyc2lvbiI6IjEifQ==",
          "depends_on": [
            "aws_appautoscaling_policy.down",
            "aws_ecs_cluster.app",
            "aws_ecs_service.app"
          ]
        }
      ]
    },
    {
      "mode": "managed",
      "type": "aws_db_instance",
      "name": "rds",
      "provider": "provider.aws",
      "instances": [
        {
          "schema_version": 0,
          "attributes": {
            "address": "development-database.cak4bcwsnao4.us-east-2.rds.amazonaws.com",
            "allocated_storage": 20,
            "allow_major_version_upgrade": null,
            "apply_immediately": true,
            "arn": "arn:aws:rds:us-east-2:767167112715:db:development-database",
            "auto_minor_version_upgrade": true,
            "availability_zone": "us-east-2b",
            "backup_retention_period": 0,
            "backup_window": "07:21-07:51",
            "ca_cert_identifier": "rds-ca-2015",
            "character_set_name": null,
            "copy_tags_to_snapshot": false,
            "db_subnet_group_name": "development-rds-subnet-group",
            "deletion_protection": false,
            "domain": "",
            "domain_iam_role_name": "",
            "enabled_cloudwatch_logs_exports": null,
            "endpoint": "development-database.cak4bcwsnao4.us-east-2.rds.amazonaws.com:5432",
            "engine": "postgres",
            "engine_version": "11.5",
            "final_snapshot_identifier": null,
            "hosted_zone_id": "Z2XHWR1WZ565X2",
            "iam_database_authentication_enabled": false,
            "id": "development-database",
            "identifier": "development-database",
            "identifier_prefix": null,
            "instance_class": "db.t2.micro",
            "iops": 0,
            "kms_key_id": "",
            "license_model": "postgresql-license",
            "maintenance_window": "sun:02:00-sun:04:00",
            "max_allocated_storage": 0,
            "monitoring_interval": 0,
            "monitoring_role_arn": "",
            "multi_az": true,
            "name": "ERP_Advance",
            "option_group_name": "default:postgres-11",
            "parameter_group_name": "default.postgres11",
            "password": "postgres",
            "performance_insights_enabled": false,
            "performance_insights_kms_key_id": "",
            "performance_insights_retention_period": 0,
            "port": 5432,
            "publicly_accessible": false,
            "replicas": [],
            "replicate_source_db": "",
            "resource_id": "db-I6JBJP5N2PET2VI3ECGLPGMO4A",
            "s3_import": [],
            "security_group_names": null,
            "skip_final_snapshot": true,
            "snapshot_identifier": null,
            "status": "available",
            "storage_encrypted": false,
            "storage_type": "gp2",
            "tags": {
              "Environment": "development"
            },
            "timeouts": null,
            "timezone": "",
            "username": "postgres",
            "vpc_security_group_ids": [
              "sg-0c72bc4eb03896161"
            ]
          },
          "private": "eyJlMmJmYjczMC1lY2FhLTExZTYtOGY4OC0zNDM2M2JjN2M0YzAiOnsiY3JlYXRlIjoyNDAwMDAwMDAwMDAwLCJkZWxldGUiOjI0MDAwMDAwMDAwMDAsInVwZGF0ZSI6NDgwMDAwMDAwMDAwMH19",
          "depends_on": [
            "aws_db_subnet_group.rds_subnet_group",
            "aws_security_group.rds"
          ]
        }
      ]
    },
    {
      "mode": "managed",
      "type": "aws_db_subnet_group",
      "name": "rds_subnet_group",
      "provider": "provider.aws",
      "instances": [
        {
          "schema_version": 0,
          "attributes": {
            "arn": "arn:aws:rds:us-east-2:767167112715:subgrp:development-rds-subnet-group",
            "description": "RDS subnet group",
            "id": "development-rds-subnet-group",
            "name": "development-rds-subnet-group",
            "name_prefix": null,
            "subnet_ids": [
              "subnet-007f1574ce98e8f91",
              "subnet-08b7f64b5f84b2f8d"
            ],
            "tags": {
              "Environment": "development"
            }
          },
          "private": "bnVsbA==",
          "depends_on": [
            "aws_subnet.private"
          ]
        }
      ]
    },
    {
      "mode": "managed",
      "type": "aws_ecs_cluster",
      "name": "app",
      "provider": "provider.aws",
      "instances": [
        {
          "schema_version": 0,
          "attributes": {
            "arn": "arn:aws:ecs:us-east-2:767167112715:cluster/app-cluster",
            "id": "arn:aws:ecs:us-east-2:767167112715:cluster/app-cluster",
            "name": "app-cluster",
            "setting": [
              {
                "name": "containerInsights",
                "value": "disabled"
              }
            ],
            "tags": null
          },
          "private": "bnVsbA=="
        }
      ]
    },
    {
      "mode": "managed",
      "type": "aws_ecs_service",
      "name": "app",
      "provider": "provider.aws",
      "instances": [
        {
          "schema_version": 0,
          "attributes": {
            "cluster": "arn:aws:ecs:us-east-2:767167112715:cluster/app-cluster",
            "deployment_controller": [
              {
                "type": "ECS"
              }
            ],
            "deployment_maximum_percent": 200,
            "deployment_minimum_healthy_percent": 100,
            "desired_count": 0,
            "enable_ecs_managed_tags": false,
            "health_check_grace_period_seconds": 0,
            "iam_role": "aws-service-role",
            "id": "arn:aws:ecs:us-east-2:767167112715:service/app-service",
            "launch_type": "FARGATE",
            "load_balancer": [
              {
                "container_name": "app",
                "container_port": 5000,
                "elb_name": "",
                "target_group_arn": "arn:aws:elasticloadbalancing:us-east-2:767167112715:targetgroup/app-alb/5c8f870accbfc532"
              }
            ],
            "name": "app-service",
            "network_configuration": [
              {
                "assign_public_ip": true,
                "security_groups": [
                  "sg-0bacc9128b5b8e2ac"
                ],
                "subnets": [
                  "subnet-00903027c726f4b89",
                  "subnet-0c7029da3d622e23e"
                ]
              }
            ],
            "ordered_placement_strategy": [],
            "placement_constraints": [],
            "placement_strategy": [],
            "platform_version": "LATEST",
            "propagate_tags": "NONE",
            "scheduling_strategy": "REPLICA",
            "service_registries": [],
            "tags": null,
            "task_definition": "arn:aws:ecs:us-east-2:767167112715:task-definition/app:41"
          },
          "private": "bnVsbA==",
          "depends_on": [
            "aws_alb_listener.front_end",
            "aws_alb_target_group.app_alb",
            "aws_ecs_cluster.app",
            "aws_ecs_task_definition.app",
            "aws_iam_role_policy_attachment.ecs_task_execution_role",
            "aws_security_group.ecs",
            "aws_subnet.public"
          ]
        }
      ]
    },
    {
      "mode": "managed",
      "type": "aws_ecs_task_definition",
      "name": "app",
      "provider": "provider.aws",
      "instances": [
        {
          "schema_version": 1,
          "attributes": {
            "arn": "arn:aws:ecs:us-east-2:767167112715:task-definition/app:41",
            "container_definitions": "[{\"cpu\":512,\"entryPoint\":[\"python\",\"main.py\"],\"environment\":[{\"name\":\"POSTGRES_URL\",\"value\":\"postgresql://postgres:postgres@development-database.cak4bcwsnao4.us-east-2.rds.amazonaws.com:5432/ERP_Advance\"},{\"name\":\"POSTGRES_USER\",\"value\":\"postgres\"},{\"name\":\"MAIL_USERNAME\",\"value\":\"81f3d193f78b4b\"},{\"name\":\"MAIL_USE_TLS\",\"value\":\"True\"},{\"name\":\"POSTGRES_PORT\",\"value\":\"5432\"},{\"name\":\"POSTGRES_PASSWORD\",\"value\":\"postgres\"},{\"name\":\"POSTGRES_DB\",\"value\":\"ERP_Advance\"},{\"name\":\"JWT_SECRET_KEY\",\"value\":\"3mFe0XGwXe\"},{\"name\":\"JWT_TIME_TOKEN\",\"value\":\"7200\"},{\"name\":\"MAIL_PORT\",\"value\":\"2525\"},{\"name\":\"MAIL_USE_SSL\",\"value\":\"False\"},{\"name\":\"APP_SETTINGS\",\"value\":\"development\"},{\"name\":\"MAIL_SERVER\",\"value\":\"smtp.mailtrap.io\"},{\"name\":\"SEED_TEST\",\"value\":\"False\"},{\"name\":\"MAIL_PASSWORD\",\"value\":\"98fa9c9f5ae977\"}],\"essential\":true,\"image\":\"767167112715.dkr.ecr.us-east-2.amazonaws.com/erp_advance/production:latest\",\"logConfiguration\":{\"logDriver\":\"awslogs\",\"options\":{\"awslogs-group\":\"/ecs/app\",\"awslogs-region\":\"us-east-2\",\"awslogs-stream-prefix\":\"erp\"}},\"memory\":1024,\"memoryReservation\":512,\"mountPoints\":[],\"name\":\"app\",\"portMappings\":[{\"containerPort\":5000,\"hostPort\":5000,\"protocol\":\"tcp\"}],\"volumesFrom\":[]}]",
            "cpu": "1024",
            "execution_role_arn": "arn:aws:iam::767167112715:role/myEcsTaskExecutionRole",
            "family": "app",
            "id": "app",
            "ipc_mode": null,
            "memory": "2048",
            "network_mode": "awsvpc",
            "pid_mode": null,
            "placement_constraints": [],
            "proxy_configuration": [],
            "requires_compatibilities": [
              "FARGATE"
            ],
            "revision": 41,
            "tags": null,
            "task_role_arn": "arn:aws:iam::767167112715:role/myEcsTaskExecutionRole",
            "volume": []
          },
          "private": "eyJzY2hlbWFfdmVyc2lvbiI6IjEifQ==",
          "depends_on": [
            "aws_iam_role.ecs_task_execution_role",
            "data.template_file.app_task"
          ]
        }
      ]
    },
    {
      "mode": "managed",
      "type": "aws_ecs_task_definition",
      "name": "migration",
      "provider": "provider.aws",
      "instances": [
        {
          "schema_version": 1,
          "attributes": {
            "arn": "arn:aws:ecs:us-east-2:767167112715:task-definition/migration:31",
            "container_definitions": "[{\"command\":[\"flask\",\"manage_db\",\"recreate\"],\"cpu\":0,\"environment\":[{\"name\":\"POSTGRES_URL\",\"value\":\"postgresql://postgres:postgres@development-database.cak4bcwsnao4.us-east-2.rds.amazonaws.com:5432/ERP_Advance\"},{\"name\":\"POSTGRES_USER\",\"value\":\"postgres\"},{\"name\":\"POSTGRES_PORT\",\"value\":\"5432\"},{\"name\":\"POSTGRES_PASSWORD\",\"value\":\"postgres\"},{\"name\":\"POSTGRES_DB\",\"value\":\"ERP_Advance\"},{\"name\":\"APP_SETTINGS\",\"value\":\"development\"}],\"essential\":true,\"image\":\"767167112715.dkr.ecr.us-east-2.amazonaws.com/erp_advance/production:latest\",\"logConfiguration\":{\"logDriver\":\"awslogs\",\"options\":{\"awslogs-group\":\"/ecs/app\",\"awslogs-region\":\"us-east-2\",\"awslogs-stream-prefix\":\"erp\"}},\"memory\":512,\"mountPoints\":[],\"name\":\"migration\",\"portMappings\":[{\"containerPort\":5432,\"hostPort\":5432,\"protocol\":\"tcp\"}],\"volumesFrom\":[]}]",
            "cpu": "1024",
            "execution_role_arn": "arn:aws:iam::767167112715:role/myEcsTaskExecutionRole",
            "family": "migration",
            "id": "migration",
            "ipc_mode": null,
            "memory": "2048",
            "network_mode": "awsvpc",
            "pid_mode": null,
            "placement_constraints": [],
            "proxy_configuration": [],
            "requires_compatibilities": [
              "FARGATE"
            ],
            "revision": 31,
            "tags": null,
            "task_role_arn": "arn:aws:iam::767167112715:role/myEcsTaskExecutionRole",
            "volume": []
          },
          "private": "eyJzY2hlbWFfdmVyc2lvbiI6IjEifQ==",
          "depends_on": [
            "aws_iam_role.ecs_task_execution_role",
            "data.template_file.migration_task"
          ]
        }
      ]
    },
    {
      "mode": "managed",
      "type": "aws_eip",
      "name": "gw",
      "each": "list",
      "provider": "provider.aws",
      "instances": [
        {
          "index_key": 0,
          "schema_version": 0,
          "attributes": {
            "allocation_id": null,
            "associate_with_private_ip": null,
            "association_id": "",
            "domain": "vpc",
            "id": "eipalloc-028e4211a3693f01c",
            "instance": "",
            "network_interface": "",
            "private_dns": null,
            "private_ip": "",
            "public_dns": "ec2-3-133-174-173.us-east-2.compute.amazonaws.com",
            "public_ip": "3.133.174.173",
            "public_ipv4_pool": "amazon",
            "tags": null,
            "timeouts": null,
            "vpc": true
          },
          "private": "eyJlMmJmYjczMC1lY2FhLTExZTYtOGY4OC0zNDM2M2JjN2M0YzAiOnsiZGVsZXRlIjoxODAwMDAwMDAwMDAsInJlYWQiOjkwMDAwMDAwMDAwMCwidXBkYXRlIjozMDAwMDAwMDAwMDB9fQ==",
          "depends_on": [
            "aws_internet_gateway.gw"
          ]
        },
        {
          "index_key": 1,
          "schema_version": 0,
          "attributes": {
            "allocation_id": null,
            "associate_with_private_ip": null,
            "association_id": "",
            "domain": "vpc",
            "id": "eipalloc-02fc5b9ad960144a1",
            "instance": "",
            "network_interface": "",
            "private_dns": null,
            "private_ip": "",
            "public_dns": "ec2-3-134-36-84.us-east-2.compute.amazonaws.com",
            "public_ip": "3.134.36.84",
            "public_ipv4_pool": "amazon",
            "tags": null,
            "timeouts": null,
            "vpc": true
          },
          "private": "eyJlMmJmYjczMC1lY2FhLTExZTYtOGY4OC0zNDM2M2JjN2M0YzAiOnsiZGVsZXRlIjoxODAwMDAwMDAwMDAsInJlYWQiOjkwMDAwMDAwMDAwMCwidXBkYXRlIjozMDAwMDAwMDAwMDB9fQ==",
          "depends_on": [
            "aws_internet_gateway.gw"
          ]
        }
      ]
    },
    {
      "mode": "managed",
      "type": "aws_iam_policy",
      "name": "erp_log_publishing",
      "provider": "provider.aws",
      "instances": [
        {
          "schema_version": 0,
          "attributes": {
            "arn": "arn:aws:iam::767167112715:policy/erp-log-pub",
            "description": "Allow publishing to cloudwach",
            "id": "arn:aws:iam::767167112715:policy/erp-log-pub",
            "name": "erp-log-pub",
            "name_prefix": null,
            "path": "/",
            "policy": "{\n  \"Version\": \"2012-10-17\",\n  \"Statement\": [\n    {\n      \"Sid\": \"\",\n      \"Effect\": \"Allow\",\n      \"Action\": [\n        \"logs:PutLogEventsBatch\",\n        \"logs:PutLogEvents\",\n        \"logs:CreateLogStream\"\n      ],\n      \"Resource\": \"arn:aws:logs:us-east-2:*:log-group:/ecs/app:*\"\n    }\n  ]\n}"
          },
          "private": "bnVsbA==",
          "depends_on": [
            "data.aws_iam_policy_document.erp_log_publishing"
          ]
        }
      ]
    },
    {
      "mode": "managed",
      "type": "aws_iam_role",
      "name": "ecs_task_execution_role",
      "provider": "provider.aws",
      "instances": [
        {
          "schema_version": 0,
          "attributes": {
            "arn": "arn:aws:iam::767167112715:role/myEcsTaskExecutionRole",
            "assume_role_policy": "{\"Version\":\"2012-10-17\",\"Statement\":[{\"Sid\":\"\",\"Effect\":\"Allow\",\"Principal\":{\"Service\":\"ecs-tasks.amazonaws.com\"},\"Action\":\"sts:AssumeRole\"}]}",
            "create_date": "2019-11-18T18:36:16Z",
            "description": "",
            "force_detach_policies": false,
            "id": "myEcsTaskExecutionRole",
            "max_session_duration": 3600,
            "name": "myEcsTaskExecutionRole",
            "name_prefix": null,
            "path": "/",
            "permissions_boundary": null,
            "tags": null,
            "unique_id": "AROA3FHVZEYFTWCWFRP4W"
          },
          "private": "bnVsbA==",
          "depends_on": [
            "data.aws_iam_policy_document.ecs_task_execution_role"
          ]
        }
      ]
    },
    {
      "mode": "managed",
      "type": "aws_iam_role",
      "name": "erp_role",
      "provider": "provider.aws",
      "instances": [
        {
          "schema_version": 0,
          "attributes": {
            "arn": "arn:aws:iam::767167112715:role/system/erp-role",
            "assume_role_policy": "{\"Version\":\"2012-10-17\",\"Statement\":[{\"Sid\":\"\",\"Effect\":\"Allow\",\"Principal\":{\"Service\":\"ecs-tasks.amazonaws.com\"},\"Action\":\"sts:AssumeRole\"}]}",
            "create_date": "2019-11-18T18:36:16Z",
            "description": "",
            "force_detach_policies": false,
            "id": "erp-role",
            "max_session_duration": 3600,
            "name": "erp-role",
            "name_prefix": null,
            "path": "/system/",
            "permissions_boundary": null,
            "tags": null,
            "unique_id": "AROA3FHVZEYFVLP2B4AZV"
          },
          "private": "bnVsbA==",
          "depends_on": [
            "data.aws_iam_policy_document.erp_assume_role_policy"
          ]
        }
      ]
    },
    {
      "mode": "managed",
      "type": "aws_iam_role_policy_attachment",
      "name": "ecs_task_execution_role",
      "provider": "provider.aws",
      "instances": [
        {
          "schema_version": 0,
          "attributes": {
            "id": "myEcsTaskExecutionRole-20191118183618489100000001",
            "policy_arn": "arn:aws:iam::aws:policy/service-role/AmazonECSTaskExecutionRolePolicy",
            "role": "myEcsTaskExecutionRole"
          },
          "private": "bnVsbA==",
          "depends_on": [
            "aws_iam_role.ecs_task_execution_role"
          ]
        }
      ]
    },
    {
      "mode": "managed",
      "type": "aws_iam_role_policy_attachment",
      "name": "erp_role_log_publishing",
      "provider": "provider.aws",
      "instances": [
        {
          "schema_version": 0,
          "attributes": {
            "id": "erp-role-20191118183626455800000002",
            "policy_arn": "arn:aws:iam::767167112715:policy/erp-log-pub",
            "role": "erp-role"
          },
          "private": "bnVsbA==",
          "depends_on": [
            "aws_iam_policy.erp_log_publishing",
            "aws_iam_role.erp_role"
          ]
        }
      ]
    },
    {
      "mode": "managed",
      "type": "aws_internet_gateway",
      "name": "gw",
      "provider": "provider.aws",
      "instances": [
        {
          "schema_version": 0,
          "attributes": {
            "id": "igw-041c155d1ffb9ae7c",
            "owner_id": "767167112715",
            "tags": null,
            "vpc_id": "vpc-01ff05e0ea1b5894b"
          },
          "private": "bnVsbA==",
          "depends_on": [
            "aws_vpc.main"
          ]
        }
      ]
    },
    {
      "mode": "managed",
      "type": "aws_nat_gateway",
      "name": "gw",
      "each": "list",
      "provider": "provider.aws",
      "instances": [
        {
          "index_key": 0,
          "schema_version": 0,
          "attributes": {
            "allocation_id": "eipalloc-028e4211a3693f01c",
            "id": "nat-06228bca904c0b67b",
            "network_interface_id": "eni-0affaa1021dc585fa",
            "private_ip": "172.17.2.178",
            "public_ip": "3.133.174.173",
            "subnet_id": "subnet-0c7029da3d622e23e",
            "tags": null
          },
          "private": "bnVsbA==",
          "depends_on": [
            "aws_eip.gw",
            "aws_subnet.public"
          ]
        },
        {
          "index_key": 1,
          "schema_version": 0,
          "attributes": {
            "allocation_id": "eipalloc-02fc5b9ad960144a1",
            "id": "nat-001f2706c6f70f0f2",
            "network_interface_id": "eni-0569e6868cd4dc2b1",
            "private_ip": "172.17.3.95",
            "public_ip": "3.134.36.84",
            "subnet_id": "subnet-00903027c726f4b89",
            "tags": null
          },
          "private": "bnVsbA==",
          "depends_on": [
            "aws_eip.gw",
            "aws_subnet.public"
          ]
        }
      ]
    },
    {
      "mode": "managed",
      "type": "aws_route",
      "name": "internet_access",
      "provider": "provider.aws",
      "instances": [
        {
          "schema_version": 0,
          "attributes": {
            "destination_cidr_block": "0.0.0.0/0",
            "destination_ipv6_cidr_block": null,
            "destination_prefix_list_id": "",
            "egress_only_gateway_id": "",
            "gateway_id": "igw-041c155d1ffb9ae7c",
            "id": "r-rtb-0b8c5c0c9645f66231080289494",
            "instance_id": "",
            "instance_owner_id": "",
            "nat_gateway_id": "",
            "network_interface_id": "",
            "origin": "CreateRoute",
            "route_table_id": "rtb-0b8c5c0c9645f6623",
            "state": "active",
            "timeouts": null,
            "transit_gateway_id": "",
            "vpc_peering_connection_id": ""
          },
          "private": "eyJlMmJmYjczMC1lY2FhLTExZTYtOGY4OC0zNDM2M2JjN2M0YzAiOnsiY3JlYXRlIjoxMjAwMDAwMDAwMDAsImRlbGV0ZSI6MzAwMDAwMDAwMDAwfX0=",
          "depends_on": [
            "aws_internet_gateway.gw",
            "aws_vpc.main"
          ]
        }
      ]
    },
    {
      "mode": "managed",
      "type": "aws_route_table",
      "name": "private",
      "each": "list",
      "provider": "provider.aws",
      "instances": [
        {
          "index_key": 0,
          "schema_version": 0,
          "attributes": {
            "id": "rtb-05c40d74c92168730",
            "owner_id": "767167112715",
            "propagating_vgws": [],
            "route": [
              {
                "cidr_block": "0.0.0.0/0",
                "egress_only_gateway_id": "",
                "gateway_id": "",
                "instance_id": "",
                "ipv6_cidr_block": "",
                "nat_gateway_id": "nat-06228bca904c0b67b",
                "network_interface_id": "",
                "transit_gateway_id": "",
                "vpc_peering_connection_id": ""
              }
            ],
            "tags": null,
            "vpc_id": "vpc-01ff05e0ea1b5894b"
          },
          "private": "bnVsbA==",
          "depends_on": [
            "aws_nat_gateway.gw",
            "aws_vpc.main"
          ]
        },
        {
          "index_key": 1,
          "schema_version": 0,
          "attributes": {
            "id": "rtb-0ef4a4ca3fc3bb3d2",
            "owner_id": "767167112715",
            "propagating_vgws": [],
            "route": [
              {
                "cidr_block": "0.0.0.0/0",
                "egress_only_gateway_id": "",
                "gateway_id": "",
                "instance_id": "",
                "ipv6_cidr_block": "",
                "nat_gateway_id": "nat-001f2706c6f70f0f2",
                "network_interface_id": "",
                "transit_gateway_id": "",
                "vpc_peering_connection_id": ""
              }
            ],
            "tags": null,
            "vpc_id": "vpc-01ff05e0ea1b5894b"
          },
          "private": "bnVsbA==",
          "depends_on": [
            "aws_nat_gateway.gw",
            "aws_vpc.main"
          ]
        }
      ]
    },
    {
      "mode": "managed",
      "type": "aws_route_table_association",
      "name": "private",
      "each": "list",
      "provider": "provider.aws",
      "instances": [
        {
          "index_key": 0,
          "schema_version": 0,
          "attributes": {
            "id": "rtbassoc-0901f4ff8c8e473db",
            "route_table_id": "rtb-05c40d74c92168730",
            "subnet_id": "subnet-007f1574ce98e8f91"
          },
          "private": "bnVsbA==",
          "depends_on": [
            "aws_route_table.private",
            "aws_subnet.private"
          ]
        },
        {
          "index_key": 1,
          "schema_version": 0,
          "attributes": {
            "id": "rtbassoc-064a79d5026ec98a4",
            "route_table_id": "rtb-0ef4a4ca3fc3bb3d2",
            "subnet_id": "subnet-08b7f64b5f84b2f8d"
          },
          "private": "bnVsbA==",
          "depends_on": [
            "aws_route_table.private",
            "aws_subnet.private"
          ]
        }
      ]
    },
    {
      "mode": "managed",
      "type": "aws_security_group",
      "name": "alb",
      "provider": "provider.aws",
      "instances": [
        {
          "schema_version": 1,
          "attributes": {
            "arn": "arn:aws:ec2:us-east-2:767167112715:security-group/sg-0519cc1c1ff516d7f",
            "description": "Allow access on port 80/443 only to ALB",
            "egress": [
              {
                "cidr_blocks": [
                  "0.0.0.0/0"
                ],
                "description": "",
                "from_port": 0,
                "ipv6_cidr_blocks": [],
                "prefix_list_ids": [],
                "protocol": "-1",
                "security_groups": [],
                "self": false,
                "to_port": 0
              }
            ],
            "id": "sg-0519cc1c1ff516d7f",
            "ingress": [
              {
                "cidr_blocks": [
                  "0.0.0.0/0"
                ],
                "description": "",
                "from_port": 80,
                "ipv6_cidr_blocks": [],
                "prefix_list_ids": [],
                "protocol": "tcp",
                "security_groups": [],
                "self": false,
                "to_port": 80
              }
            ],
            "name": "alb-sg",
            "name_prefix": null,
            "owner_id": "767167112715",
            "revoke_rules_on_delete": false,
            "tags": null,
            "timeouts": null,
            "vpc_id": "vpc-01ff05e0ea1b5894b"
          },
          "private": "eyJlMmJmYjczMC1lY2FhLTExZTYtOGY4OC0zNDM2M2JjN2M0YzAiOnsiY3JlYXRlIjo2MDAwMDAwMDAwMDAsImRlbGV0ZSI6NjAwMDAwMDAwMDAwfSwic2NoZW1hX3ZlcnNpb24iOiIxIn0=",
          "depends_on": [
            "aws_vpc.main"
          ]
        }
      ]
    },
    {
      "mode": "managed",
      "type": "aws_security_group",
      "name": "ecs",
      "provider": "provider.aws",
      "instances": [
        {
          "schema_version": 1,
          "attributes": {
            "arn": "arn:aws:ec2:us-east-2:767167112715:security-group/sg-0bacc9128b5b8e2ac",
            "description": "allow inbound access from the ALB only",
            "egress": [
              {
                "cidr_blocks": [
                  "0.0.0.0/0"
                ],
                "description": "",
                "from_port": 0,
                "ipv6_cidr_blocks": [],
                "prefix_list_ids": [],
                "protocol": "-1",
                "security_groups": [],
                "self": false,
                "to_port": 0
              }
            ],
            "id": "sg-0bacc9128b5b8e2ac",
            "ingress": [
              {
                "cidr_blocks": [],
                "description": "",
                "from_port": 5000,
                "ipv6_cidr_blocks": [],
                "prefix_list_ids": [],
                "protocol": "tcp",
                "security_groups": [
                  "sg-0519cc1c1ff516d7f"
                ],
                "self": false,
                "to_port": 5000
              }
            ],
            "name": "ecs-sg",
            "name_prefix": null,
            "owner_id": "767167112715",
            "revoke_rules_on_delete": false,
            "tags": null,
            "timeouts": null,
            "vpc_id": "vpc-01ff05e0ea1b5894b"
          },
          "private": "eyJlMmJmYjczMC1lY2FhLTExZTYtOGY4OC0zNDM2M2JjN2M0YzAiOnsiY3JlYXRlIjo2MDAwMDAwMDAwMDAsImRlbGV0ZSI6NjAwMDAwMDAwMDAwfSwic2NoZW1hX3ZlcnNpb24iOiIxIn0=",
          "depends_on": [
            "aws_security_group.alb",
            "aws_vpc.main"
          ]
        }
      ]
    },
    {
      "mode": "managed",
      "type": "aws_security_group",
      "name": "rds",
      "provider": "provider.aws",
      "instances": [
        {
          "schema_version": 1,
          "attributes": {
            "arn": "arn:aws:ec2:us-east-2:767167112715:security-group/sg-0c72bc4eb03896161",
            "description": "allow inbound access from the app tasks only",
            "egress": [
              {
                "cidr_blocks": [
                  "0.0.0.0/0"
                ],
                "description": "",
                "from_port": 0,
                "ipv6_cidr_blocks": [],
                "prefix_list_ids": [],
                "protocol": "-1",
                "security_groups": [],
                "self": false,
                "to_port": 0
              }
            ],
            "id": "sg-0c72bc4eb03896161",
            "ingress": [
              {
                "cidr_blocks": [],
                "description": "",
                "from_port": 5432,
                "ipv6_cidr_blocks": [],
                "prefix_list_ids": [],
                "protocol": "tcp",
                "security_groups": [
                  "sg-0bacc9128b5b8e2ac"
                ],
                "self": false,
                "to_port": 5432
              }
            ],
            "name": "rds-sg",
            "name_prefix": null,
            "owner_id": "767167112715",
            "revoke_rules_on_delete": false,
            "tags": null,
            "timeouts": null,
            "vpc_id": "vpc-01ff05e0ea1b5894b"
          },
          "private": "eyJlMmJmYjczMC1lY2FhLTExZTYtOGY4OC0zNDM2M2JjN2M0YzAiOnsiY3JlYXRlIjo2MDAwMDAwMDAwMDAsImRlbGV0ZSI6NjAwMDAwMDAwMDAwfSwic2NoZW1hX3ZlcnNpb24iOiIxIn0=",
          "depends_on": [
            "aws_security_group.ecs",
            "aws_vpc.main"
          ]
        }
      ]
    },
    {
      "mode": "managed",
      "type": "aws_subnet",
      "name": "private",
      "each": "list",
      "provider": "provider.aws",
      "instances": [
        {
          "index_key": 0,
          "schema_version": 1,
          "attributes": {
            "arn": "arn:aws:ec2:us-east-2:767167112715:subnet/subnet-007f1574ce98e8f91",
            "assign_ipv6_address_on_creation": false,
            "availability_zone": "us-east-2a",
            "availability_zone_id": "use2-az1",
            "cidr_block": "172.17.0.0/24",
            "id": "subnet-007f1574ce98e8f91",
            "ipv6_cidr_block": "",
            "ipv6_cidr_block_association_id": "",
            "map_public_ip_on_launch": false,
            "owner_id": "767167112715",
            "tags": null,
            "timeouts": null,
            "vpc_id": "vpc-01ff05e0ea1b5894b"
          },
          "private": "eyJlMmJmYjczMC1lY2FhLTExZTYtOGY4OC0zNDM2M2JjN2M0YzAiOnsiY3JlYXRlIjo2MDAwMDAwMDAwMDAsImRlbGV0ZSI6MTIwMDAwMDAwMDAwMH0sInNjaGVtYV92ZXJzaW9uIjoiMSJ9",
          "depends_on": [
            "aws_vpc.main",
            "data.aws_availability_zones.available"
          ]
        },
        {
          "index_key": 1,
          "schema_version": 1,
          "attributes": {
            "arn": "arn:aws:ec2:us-east-2:767167112715:subnet/subnet-08b7f64b5f84b2f8d",
            "assign_ipv6_address_on_creation": false,
            "availability_zone": "us-east-2b",
            "availability_zone_id": "use2-az2",
            "cidr_block": "172.17.1.0/24",
            "id": "subnet-08b7f64b5f84b2f8d",
            "ipv6_cidr_block": "",
            "ipv6_cidr_block_association_id": "",
            "map_public_ip_on_launch": false,
            "owner_id": "767167112715",
            "tags": null,
            "timeouts": null,
            "vpc_id": "vpc-01ff05e0ea1b5894b"
          },
          "private": "eyJlMmJmYjczMC1lY2FhLTExZTYtOGY4OC0zNDM2M2JjN2M0YzAiOnsiY3JlYXRlIjo2MDAwMDAwMDAwMDAsImRlbGV0ZSI6MTIwMDAwMDAwMDAwMH0sInNjaGVtYV92ZXJzaW9uIjoiMSJ9",
          "depends_on": [
            "aws_vpc.main",
            "data.aws_availability_zones.available"
          ]
        }
      ]
    },
    {
      "mode": "managed",
      "type": "aws_subnet",
      "name": "public",
      "each": "list",
      "provider": "provider.aws",
      "instances": [
        {
          "index_key": 0,
          "schema_version": 1,
          "attributes": {
            "arn": "arn:aws:ec2:us-east-2:767167112715:subnet/subnet-0c7029da3d622e23e",
            "assign_ipv6_address_on_creation": false,
            "availability_zone": "us-east-2a",
            "availability_zone_id": "use2-az1",
            "cidr_block": "172.17.2.0/24",
            "id": "subnet-0c7029da3d622e23e",
            "ipv6_cidr_block": "",
            "ipv6_cidr_block_association_id": "",
            "map_public_ip_on_launch": true,
            "owner_id": "767167112715",
            "tags": null,
            "timeouts": null,
            "vpc_id": "vpc-01ff05e0ea1b5894b"
          },
          "private": "eyJlMmJmYjczMC1lY2FhLTExZTYtOGY4OC0zNDM2M2JjN2M0YzAiOnsiY3JlYXRlIjo2MDAwMDAwMDAwMDAsImRlbGV0ZSI6MTIwMDAwMDAwMDAwMH0sInNjaGVtYV92ZXJzaW9uIjoiMSJ9",
          "depends_on": [
            "aws_vpc.main",
            "data.aws_availability_zones.available"
          ]
        },
        {
          "index_key": 1,
          "schema_version": 1,
          "attributes": {
            "arn": "arn:aws:ec2:us-east-2:767167112715:subnet/subnet-00903027c726f4b89",
            "assign_ipv6_address_on_creation": false,
            "availability_zone": "us-east-2b",
            "availability_zone_id": "use2-az2",
            "cidr_block": "172.17.3.0/24",
            "id": "subnet-00903027c726f4b89",
            "ipv6_cidr_block": "",
            "ipv6_cidr_block_association_id": "",
            "map_public_ip_on_launch": true,
            "owner_id": "767167112715",
            "tags": null,
            "timeouts": null,
            "vpc_id": "vpc-01ff05e0ea1b5894b"
          },
          "private": "eyJlMmJmYjczMC1lY2FhLTExZTYtOGY4OC0zNDM2M2JjN2M0YzAiOnsiY3JlYXRlIjo2MDAwMDAwMDAwMDAsImRlbGV0ZSI6MTIwMDAwMDAwMDAwMH0sInNjaGVtYV92ZXJzaW9uIjoiMSJ9",
          "depends_on": [
            "aws_vpc.main",
            "data.aws_availability_zones.available"
          ]
        }
      ]
    },
    {
      "mode": "managed",
      "type": "aws_vpc",
      "name": "main",
      "provider": "provider.aws",
      "instances": [
        {
          "schema_version": 1,
          "attributes": {
            "arn": "arn:aws:ec2:us-east-2:767167112715:vpc/vpc-01ff05e0ea1b5894b",
            "assign_generated_ipv6_cidr_block": false,
            "cidr_block": "172.17.0.0/16",
            "default_network_acl_id": "acl-085b1b5fb1a09ae59",
            "default_route_table_id": "rtb-0b8c5c0c9645f6623",
            "default_security_group_id": "sg-091df9d7dc2f8f50a",
            "dhcp_options_id": "dopt-1ab57971",
            "enable_classiclink": null,
            "enable_classiclink_dns_support": null,
            "enable_dns_hostnames": false,
            "enable_dns_support": true,
            "id": "vpc-01ff05e0ea1b5894b",
            "instance_tenancy": "default",
            "ipv6_association_id": "",
            "ipv6_cidr_block": "",
            "main_route_table_id": "rtb-0b8c5c0c9645f6623",
            "owner_id": "767167112715",
            "tags": null
          },
          "private": "eyJzY2hlbWFfdmVyc2lvbiI6IjEifQ=="
        }
      ]
    },
    {
      "mode": "managed",
      "type": "null_resource",
      "name": "migration",
      "provider": "provider.null",
      "instances": [
        {
          "schema_version": 0,
          "attributes": {
            "id": "6222567977182022509",
            "triggers": null
          },
          "private": "bnVsbA==",
          "depends_on": [
            "aws_db_instance.rds",
            "aws_ecs_cluster.app",
            "aws_iam_role_policy_attachment.ecs_task_execution_role"
          ]
        }
      ]
    }
  ]
}
